<Solution>
  <Folder Name="/src/">
    <Project Path="src/EricksonLopez.Xml.Validation/EricksonLopez.Xml.Validation.csproj" />
  </Folder>
  <Folder Name="/samples/">
    <Project Path="samples/EricksonLopez.Xml.Showcase/EricksonLopez.Xml.Showcase.csproj" />
  </Folder>
  <Folder Name="/tests/">
    <Project Path="tests/EricksonLopez.Xml.Validation.Tests/EricksonLopez.Xml.Validation.Tests.csproj" />
    <Project Path="tests/EricksonLopez.Xml.Validation.ArchitectureTests/EricksonLopez.Xml.Validation.ArchitectureTests.csproj" />
    <Project Path="tests/EricksonLopez.Xml.Validation.AotTest/EricksonLopez.Xml.Validation.AotTest.csproj" />
  </Folder>
  <Folder Name="/benchmarks/">
    <Project Path="benchmarks/EricksonLopez.Xml.Validation.Benchmarks/EricksonLopez.Xml.Validation.Benchmarks.csproj" />
  </Folder>
</Solution>
